
Microsoft Visual Studio Solution File, Format Version 12.00
# Visual Studio 15
VisualStudioVersion = 15.0.27130.2027
MinimumVisualStudioVersion = 10.0.40219.1
Project("{888888A0-9F3D-457C-B088-3A5042F75D52}") = "doc-generator", "doc-generator.pyproj", "{48604FE2-4271-4DF7-8473-31945A629AA0}"
EndProject
Project("{888888A0-9F3D-457C-B088-3A5042F75D52}") = "schema-validator", "schema-validator.pyproj", "{71F48C59-DDB0-49BB-A9F0-4045BC1B51F1}"
EndProject
Global
	GlobalSection(SolutionConfigurationPlatforms) = preSolution
		Debug|Any CPU = Debug|Any CPU
		Release|Any CPU = Release|Any CPU
	EndGlobalSection
	GlobalSection(ProjectConfigurationPlatforms) = postSolution
		{48604FE2-4271-4DF7-8473-31945A629AA0}.Debug|Any CPU.ActiveCfg = Debug|Any CPU
		{48604FE2-4271-4DF7-8473-31945A629AA0}.Release|Any CPU.ActiveCfg = Release|Any CPU
		{71F48C59-DDB0-49BB-A9F0-4045BC1B51F1}.Debug|Any CPU.ActiveCfg = Debug|Any CPU
		{71F48C59-DDB0-49BB-A9F0-4045BC1B51F1}.Release|Any CPU.ActiveCfg = Release|Any CPU
	EndGlobalSection
	GlobalSection(SolutionProperties) = preSolution
		HideSolutionNode = FALSE
	EndGlobalSection
	GlobalSection(ExtensibilityGlobals) = postSolution
		SolutionGuid = {84429695-05AD-4FD9-B321-A24ED4656431}
	EndGlobalSection
EndGlobal
